
Microsoft Visual Studio Solution File, Format Version 12.00
# Visual Studio Version 17
VisualStudioVersion = 17.1.32228.430
MinimumVisualStudioVersion = 10.0.40219.1
Project("{FAE04EC0-301F-11D3-BF4B-00C04F79EFBC}") = "Git Repose test Project", "Git Repose test Project.csproj", "{6E940288-E253-4BE2-A543-39B761D4472A}"
EndProject
Global
	GlobalSection(SolutionConfigurationPlatforms) = preSolution
		Debug|Any CPU = Debug|Any CPU
		Release|Any CPU = Release|Any CPU
	EndGlobalSection
	GlobalSection(ProjectConfigurationPlatforms) = postSolution
		{6E940288-E253-4BE2-A543-39B761D4472A}.Debug|Any CPU.ActiveCfg = Debug|Any CPU
		{6E940288-E253-4BE2-A543-39B761D4472A}.Debug|Any CPU.Build.0 = Debug|Any CPU
		{6E940288-E253-4BE2-A543-39B761D4472A}.Release|Any CPU.ActiveCfg = Release|Any CPU
		{6E940288-E253-4BE2-A543-39B761D4472A}.Release|Any CPU.Build.0 = Release|Any CPU
	EndGlobalSection
	GlobalSection(SolutionProperties) = preSolution
		HideSolutionNode = FALSE
	EndGlobalSection
	GlobalSection(ExtensibilityGlobals) = postSolution
		SolutionGuid = {02889981-CFBE-4202-9160-A6F5A79CF0DF}
	EndGlobalSection
EndGlobal
